
Microsoft Visual Studio Solution File, Format Version 12.00
# Visual Studio 15
VisualStudioVersion = 15.0.26730.15
MinimumVisualStudioVersion = 10.0.40219.1
Project("{9A19103F-16F7-4668-BE54-9A1E7A4F7556}") = "Quest.Lib", "Quest.Lib\Quest.Lib.csproj", "{68E95B32-4B37-48F3-8560-9E063F527B13}"
EndProject
Project("{FAE04EC0-301F-11D3-BF4B-00C04F79EFBC}") = "Quest.Mobile", "Quest.Mobile\Quest.Mobile.csproj", "{4D840FCE-1B1F-4398-B694-E22D5FA2F617}"
EndProject
Project("{FAE04EC0-301F-11D3-BF4B-00C04F79EFBC}") = "Tfl.Api.Common", "TfL.Api.Common\Tfl.Api.Common.csproj", "{E7BA1765-E4B7-41A0-90FB-9B6B3AA22976}"
EndProject
Project("{2150E333-8FDC-42A3-9474-1A3956D46DE8}") = "Solution Items", "Solution Items", "{0075C3E1-157B-4660-A444-A95607472626}"
EndProject
Project("{9A19103F-16F7-4668-BE54-9A1E7A4F7556}") = "Quest.Lib.OS", "Quest.Lib.OS\Quest.Lib.OS.csproj", "{DDF9BAA7-CFA9-406A-9781-05A79760BC48}"
EndProject
Project("{2150E333-8FDC-42A3-9474-1A3956D46DE8}") = "docker", "docker", "{31A0C808-7CE3-455A-AEE8-73F9B615135A}"
EndProject
Project("{2150E333-8FDC-42A3-9474-1A3956D46DE8}") = "elasticsearch-phonetic", "elasticsearch-phonetic", "{C17DCB01-3D32-4EAA-A5AE-FCA6AF60AAE0}"
	ProjectSection(SolutionItems) = preProject
		Docker\elasticsearch-phonetic\buildelastic.ps = Docker\elasticsearch-phonetic\buildelastic.ps
		Docker\elasticsearch-phonetic\docker-compose.yml = Docker\elasticsearch-phonetic\docker-compose.yml
		Docker\elasticsearch-phonetic\Dockerfile = Docker\elasticsearch-phonetic\Dockerfile
	EndProjectSection
EndProject
Project("{2150E333-8FDC-42A3-9474-1A3956D46DE8}") = "quest-mapserver", "quest-mapserver", "{CCDC405D-93A5-45EB-90B1-07FCD1A989CE}"
	ProjectSection(SolutionItems) = preProject
		Docker\quest-mapserver\DockerFile = Docker\quest-mapserver\DockerFile
		Docker\quest-mapserver\dockerstuff.bat = Docker\quest-mapserver\dockerstuff.bat
		Docker\quest-mapserver\extent.map = Docker\quest-mapserver\extent.map
		Docker\quest-mapserver\index.sh = Docker\quest-mapserver\index.sh
	EndProjectSection
EndProject
Project("{2150E333-8FDC-42A3-9474-1A3956D46DE8}") = "simulation", "simulation", "{494058D6-7775-4533-8C64-E0D324FC60F1}"
	ProjectSection(SolutionItems) = preProject
		sim.json = sim.json
	EndProjectSection
EndProject
Project("{9A19103F-16F7-4668-BE54-9A1E7A4F7556}") = "Quest.Common", "Quest.Common\Quest.Common.csproj", "{68347B90-90B3-4730-AD25-9F58D3D5DF15}"
EndProject
Project("{9A19103F-16F7-4668-BE54-9A1E7A4F7556}") = "Quest.Lib.Research", "Quest.Lib.Research\Quest.Lib.Research.csproj", "{7161038A-DD63-4732-A0E4-E44FFF57E39D}"
EndProject
Project("{9A19103F-16F7-4668-BE54-9A1E7A4F7556}") = "Quest.Lib.Simulation", "Quest.Lib.Simulation\Quest.Lib.Simulation.csproj", "{80AF6AAC-7C76-4BD6-A023-F060EBDF78EC}"
EndProject
Project("{9A19103F-16F7-4668-BE54-9A1E7A4F7556}") = "Quest.WebCore", "Quest.WebCore\Quest.WebCore.csproj", "{CEF52C71-4844-491E-BAA1-7DCC49D4E0ED}"
EndProject
Project("{9A19103F-16F7-4668-BE54-9A1E7A4F7556}") = "Quest.Core", "Quest.Core\Quest.Core.csproj", "{2DB84272-45F7-4551-B784-7E2353470DC0}"
EndProject
Project("{E53339B2-1760-4266-BCC7-CA923CBCF16C}") = "docker-compose", "docker-compose.dcproj", "{2EDCF1FC-7DB4-4005-82F8-F4F414654F7D}"
EndProject
Global
	GlobalSection(SolutionConfigurationPlatforms) = preSolution
		Debug|Any CPU = Debug|Any CPU
		Debug|ARM = Debug|ARM
		Debug|x64 = Debug|x64
		Debug|x86 = Debug|x86
		Docker|Any CPU = Docker|Any CPU
		Docker|ARM = Docker|ARM
		Docker|x64 = Docker|x64
		Docker|x86 = Docker|x86
		Release|Any CPU = Release|Any CPU
		Release|ARM = Release|ARM
		Release|x64 = Release|x64
		Release|x86 = Release|x86
	EndGlobalSection
	GlobalSection(ProjectConfigurationPlatforms) = postSolution
		{68E95B32-4B37-48F3-8560-9E063F527B13}.Debug|Any CPU.ActiveCfg = Debug|Any CPU
		{68E95B32-4B37-48F3-8560-9E063F527B13}.Debug|Any CPU.Build.0 = Debug|Any CPU
		{68E95B32-4B37-48F3-8560-9E063F527B13}.Debug|ARM.ActiveCfg = Debug|Any CPU
		{68E95B32-4B37-48F3-8560-9E063F527B13}.Debug|ARM.Build.0 = Debug|Any CPU
		{68E95B32-4B37-48F3-8560-9E063F527B13}.Debug|x64.ActiveCfg = Debug|Any CPU
		{68E95B32-4B37-48F3-8560-9E063F527B13}.Debug|x64.Build.0 = Debug|Any CPU
		{68E95B32-4B37-48F3-8560-9E063F527B13}.Debug|x86.ActiveCfg = Debug|Any CPU
		{68E95B32-4B37-48F3-8560-9E063F527B13}.Debug|x86.Build.0 = Debug|Any CPU
		{68E95B32-4B37-48F3-8560-9E063F527B13}.Docker|Any CPU.ActiveCfg = Debug|Any CPU
		{68E95B32-4B37-48F3-8560-9E063F527B13}.Docker|Any CPU.Build.0 = Debug|Any CPU
		{68E95B32-4B37-48F3-8560-9E063F527B13}.Docker|ARM.ActiveCfg = Debug|Any CPU
		{68E95B32-4B37-48F3-8560-9E063F527B13}.Docker|ARM.Build.0 = Debug|Any CPU
		{68E95B32-4B37-48F3-8560-9E063F527B13}.Docker|x64.ActiveCfg = Debug|Any CPU
		{68E95B32-4B37-48F3-8560-9E063F527B13}.Docker|x64.Build.0 = Debug|Any CPU
		{68E95B32-4B37-48F3-8560-9E063F527B13}.Docker|x86.ActiveCfg = Debug|Any CPU
		{68E95B32-4B37-48F3-8560-9E063F527B13}.Docker|x86.Build.0 = Debug|Any CPU
		{68E95B32-4B37-48F3-8560-9E063F527B13}.Release|Any CPU.ActiveCfg = Release|Any CPU
		{68E95B32-4B37-48F3-8560-9E063F527B13}.Release|Any CPU.Build.0 = Release|Any CPU
		{68E95B32-4B37-48F3-8560-9E063F527B13}.Release|ARM.ActiveCfg = Release|Any CPU
		{68E95B32-4B37-48F3-8560-9E063F527B13}.Release|ARM.Build.0 = Release|Any CPU
		{68E95B32-4B37-48F3-8560-9E063F527B13}.Release|x64.ActiveCfg = Release|Any CPU
		{68E95B32-4B37-48F3-8560-9E063F527B13}.Release|x64.Build.0 = Release|Any CPU
		{68E95B32-4B37-48F3-8560-9E063F527B13}.Release|x86.ActiveCfg = Release|Any CPU
		{4D840FCE-1B1F-4398-B694-E22D5FA2F617}.Debug|Any CPU.ActiveCfg = Debug|Any CPU
		{4D840FCE-1B1F-4398-B694-E22D5FA2F617}.Debug|Any CPU.Build.0 = Debug|Any CPU
		{4D840FCE-1B1F-4398-B694-E22D5FA2F617}.Debug|ARM.ActiveCfg = Debug|Any CPU
		{4D840FCE-1B1F-4398-B694-E22D5FA2F617}.Debug|ARM.Build.0 = Debug|Any CPU
		{4D840FCE-1B1F-4398-B694-E22D5FA2F617}.Debug|x64.ActiveCfg = Debug|x64
		{4D840FCE-1B1F-4398-B694-E22D5FA2F617}.Debug|x64.Build.0 = Debug|x64
		{4D840FCE-1B1F-4398-B694-E22D5FA2F617}.Debug|x86.ActiveCfg = Debug|Any CPU
		{4D840FCE-1B1F-4398-B694-E22D5FA2F617}.Debug|x86.Build.0 = Debug|Any CPU
		{4D840FCE-1B1F-4398-B694-E22D5FA2F617}.Docker|Any CPU.ActiveCfg = Docker|Any CPU
		{4D840FCE-1B1F-4398-B694-E22D5FA2F617}.Docker|Any CPU.Build.0 = Docker|Any CPU
		{4D840FCE-1B1F-4398-B694-E22D5FA2F617}.Docker|ARM.ActiveCfg = Docker|Any CPU
		{4D840FCE-1B1F-4398-B694-E22D5FA2F617}.Docker|ARM.Build.0 = Docker|Any CPU
		{4D840FCE-1B1F-4398-B694-E22D5FA2F617}.Docker|x64.ActiveCfg = Docker|x64
		{4D840FCE-1B1F-4398-B694-E22D5FA2F617}.Docker|x64.Build.0 = Docker|x64
		{4D840FCE-1B1F-4398-B694-E22D5FA2F617}.Docker|x86.ActiveCfg = Docker|Any CPU
		{4D840FCE-1B1F-4398-B694-E22D5FA2F617}.Docker|x86.Build.0 = Docker|Any CPU
		{4D840FCE-1B1F-4398-B694-E22D5FA2F617}.Release|Any CPU.ActiveCfg = Release|Any CPU
		{4D840FCE-1B1F-4398-B694-E22D5FA2F617}.Release|Any CPU.Build.0 = Release|Any CPU
		{4D840FCE-1B1F-4398-B694-E22D5FA2F617}.Release|ARM.ActiveCfg = Release|Any CPU
		{4D840FCE-1B1F-4398-B694-E22D5FA2F617}.Release|ARM.Build.0 = Release|Any CPU
		{4D840FCE-1B1F-4398-B694-E22D5FA2F617}.Release|x64.ActiveCfg = Release|x64
		{4D840FCE-1B1F-4398-B694-E22D5FA2F617}.Release|x64.Build.0 = Release|x64
		{4D840FCE-1B1F-4398-B694-E22D5FA2F617}.Release|x86.ActiveCfg = Release|Any CPU
		{E7BA1765-E4B7-41A0-90FB-9B6B3AA22976}.Debug|Any CPU.ActiveCfg = Debug|Any CPU
		{E7BA1765-E4B7-41A0-90FB-9B6B3AA22976}.Debug|Any CPU.Build.0 = Debug|Any CPU
		{E7BA1765-E4B7-41A0-90FB-9B6B3AA22976}.Debug|ARM.ActiveCfg = Debug|Any CPU
		{E7BA1765-E4B7-41A0-90FB-9B6B3AA22976}.Debug|ARM.Build.0 = Debug|Any CPU
		{E7BA1765-E4B7-41A0-90FB-9B6B3AA22976}.Debug|x64.ActiveCfg = Debug|x64
		{E7BA1765-E4B7-41A0-90FB-9B6B3AA22976}.Debug|x64.Build.0 = Debug|x64
		{E7BA1765-E4B7-41A0-90FB-9B6B3AA22976}.Debug|x86.ActiveCfg = Debug|Any CPU
		{E7BA1765-E4B7-41A0-90FB-9B6B3AA22976}.Debug|x86.Build.0 = Debug|Any CPU
		{E7BA1765-E4B7-41A0-90FB-9B6B3AA22976}.Docker|Any CPU.ActiveCfg = Docker|Any CPU
		{E7BA1765-E4B7-41A0-90FB-9B6B3AA22976}.Docker|Any CPU.Build.0 = Docker|Any CPU
		{E7BA1765-E4B7-41A0-90FB-9B6B3AA22976}.Docker|ARM.ActiveCfg = Docker|Any CPU
		{E7BA1765-E4B7-41A0-90FB-9B6B3AA22976}.Docker|ARM.Build.0 = Docker|Any CPU
		{E7BA1765-E4B7-41A0-90FB-9B6B3AA22976}.Docker|x64.ActiveCfg = Docker|x64
		{E7BA1765-E4B7-41A0-90FB-9B6B3AA22976}.Docker|x64.Build.0 = Docker|x64
		{E7BA1765-E4B7-41A0-90FB-9B6B3AA22976}.Docker|x86.ActiveCfg = Docker|Any CPU
		{E7BA1765-E4B7-41A0-90FB-9B6B3AA22976}.Docker|x86.Build.0 = Docker|Any CPU
		{E7BA1765-E4B7-41A0-90FB-9B6B3AA22976}.Release|Any CPU.ActiveCfg = Release|Any CPU
		{E7BA1765-E4B7-41A0-90FB-9B6B3AA22976}.Release|Any CPU.Build.0 = Release|Any CPU
		{E7BA1765-E4B7-41A0-90FB-9B6B3AA22976}.Release|ARM.ActiveCfg = Release|Any CPU
		{E7BA1765-E4B7-41A0-90FB-9B6B3AA22976}.Release|ARM.Build.0 = Release|Any CPU
		{E7BA1765-E4B7-41A0-90FB-9B6B3AA22976}.Release|x64.ActiveCfg = Release|Any CPU
		{E7BA1765-E4B7-41A0-90FB-9B6B3AA22976}.Release|x64.Build.0 = Release|Any CPU
		{E7BA1765-E4B7-41A0-90FB-9B6B3AA22976}.Release|x86.ActiveCfg = Release|Any CPU
		{E7BA1765-E4B7-41A0-90FB-9B6B3AA22976}.Release|x86.Build.0 = Release|Any CPU
		{DDF9BAA7-CFA9-406A-9781-05A79760BC48}.Debug|Any CPU.ActiveCfg = Debug|Any CPU
		{DDF9BAA7-CFA9-406A-9781-05A79760BC48}.Debug|Any CPU.Build.0 = Debug|Any CPU
		{DDF9BAA7-CFA9-406A-9781-05A79760BC48}.Debug|ARM.ActiveCfg = Debug|Any CPU
		{DDF9BAA7-CFA9-406A-9781-05A79760BC48}.Debug|ARM.Build.0 = Debug|Any CPU
		{DDF9BAA7-CFA9-406A-9781-05A79760BC48}.Debug|x64.ActiveCfg = Debug|Any CPU
		{DDF9BAA7-CFA9-406A-9781-05A79760BC48}.Debug|x64.Build.0 = Debug|Any CPU
		{DDF9BAA7-CFA9-406A-9781-05A79760BC48}.Debug|x86.ActiveCfg = Debug|Any CPU
		{DDF9BAA7-CFA9-406A-9781-05A79760BC48}.Debug|x86.Build.0 = Debug|Any CPU
		{DDF9BAA7-CFA9-406A-9781-05A79760BC48}.Docker|Any CPU.ActiveCfg = Debug|Any CPU
		{DDF9BAA7-CFA9-406A-9781-05A79760BC48}.Docker|Any CPU.Build.0 = Debug|Any CPU
		{DDF9BAA7-CFA9-406A-9781-05A79760BC48}.Docker|ARM.ActiveCfg = Debug|Any CPU
		{DDF9BAA7-CFA9-406A-9781-05A79760BC48}.Docker|ARM.Build.0 = Debug|Any CPU
		{DDF9BAA7-CFA9-406A-9781-05A79760BC48}.Docker|x64.ActiveCfg = Debug|Any CPU
		{DDF9BAA7-CFA9-406A-9781-05A79760BC48}.Docker|x64.Build.0 = Debug|Any CPU
		{DDF9BAA7-CFA9-406A-9781-05A79760BC48}.Docker|x86.ActiveCfg = Debug|Any CPU
		{DDF9BAA7-CFA9-406A-9781-05A79760BC48}.Docker|x86.Build.0 = Debug|Any CPU
		{DDF9BAA7-CFA9-406A-9781-05A79760BC48}.Release|Any CPU.ActiveCfg = Release|Any CPU
		{DDF9BAA7-CFA9-406A-9781-05A79760BC48}.Release|Any CPU.Build.0 = Release|Any CPU
		{DDF9BAA7-CFA9-406A-9781-05A79760BC48}.Release|ARM.ActiveCfg = Release|Any CPU
		{DDF9BAA7-CFA9-406A-9781-05A79760BC48}.Release|ARM.Build.0 = Release|Any CPU
		{DDF9BAA7-CFA9-406A-9781-05A79760BC48}.Release|x64.ActiveCfg = Release|Any CPU
		{DDF9BAA7-CFA9-406A-9781-05A79760BC48}.Release|x64.Build.0 = Release|Any CPU
		{DDF9BAA7-CFA9-406A-9781-05A79760BC48}.Release|x86.ActiveCfg = Release|Any CPU
		{DDF9BAA7-CFA9-406A-9781-05A79760BC48}.Release|x86.Build.0 = Release|Any CPU
		{68347B90-90B3-4730-AD25-9F58D3D5DF15}.Debug|Any CPU.ActiveCfg = Debug|Any CPU
		{68347B90-90B3-4730-AD25-9F58D3D5DF15}.Debug|Any CPU.Build.0 = Debug|Any CPU
		{68347B90-90B3-4730-AD25-9F58D3D5DF15}.Debug|ARM.ActiveCfg = Debug|Any CPU
		{68347B90-90B3-4730-AD25-9F58D3D5DF15}.Debug|ARM.Build.0 = Debug|Any CPU
		{68347B90-90B3-4730-AD25-9F58D3D5DF15}.Debug|x64.ActiveCfg = Debug|Any CPU
		{68347B90-90B3-4730-AD25-9F58D3D5DF15}.Debug|x64.Build.0 = Debug|Any CPU
		{68347B90-90B3-4730-AD25-9F58D3D5DF15}.Debug|x86.ActiveCfg = Debug|Any CPU
		{68347B90-90B3-4730-AD25-9F58D3D5DF15}.Debug|x86.Build.0 = Debug|Any CPU
		{68347B90-90B3-4730-AD25-9F58D3D5DF15}.Docker|Any CPU.ActiveCfg = Debug|Any CPU
		{68347B90-90B3-4730-AD25-9F58D3D5DF15}.Docker|Any CPU.Build.0 = Debug|Any CPU
		{68347B90-90B3-4730-AD25-9F58D3D5DF15}.Docker|ARM.ActiveCfg = Debug|Any CPU
		{68347B90-90B3-4730-AD25-9F58D3D5DF15}.Docker|ARM.Build.0 = Debug|Any CPU
		{68347B90-90B3-4730-AD25-9F58D3D5DF15}.Docker|x64.ActiveCfg = Debug|Any CPU
		{68347B90-90B3-4730-AD25-9F58D3D5DF15}.Docker|x64.Build.0 = Debug|Any CPU
		{68347B90-90B3-4730-AD25-9F58D3D5DF15}.Docker|x86.ActiveCfg = Debug|Any CPU
		{68347B90-90B3-4730-AD25-9F58D3D5DF15}.Docker|x86.Build.0 = Debug|Any CPU
		{68347B90-90B3-4730-AD25-9F58D3D5DF15}.Release|Any CPU.ActiveCfg = Release|Any CPU
		{68347B90-90B3-4730-AD25-9F58D3D5DF15}.Release|Any CPU.Build.0 = Release|Any CPU
		{68347B90-90B3-4730-AD25-9F58D3D5DF15}.Release|ARM.ActiveCfg = Release|Any CPU
		{68347B90-90B3-4730-AD25-9F58D3D5DF15}.Release|ARM.Build.0 = Release|Any CPU
		{68347B90-90B3-4730-AD25-9F58D3D5DF15}.Release|x64.ActiveCfg = Release|Any CPU
		{68347B90-90B3-4730-AD25-9F58D3D5DF15}.Release|x64.Build.0 = Release|Any CPU
		{68347B90-90B3-4730-AD25-9F58D3D5DF15}.Release|x86.ActiveCfg = Release|Any CPU
		{68347B90-90B3-4730-AD25-9F58D3D5DF15}.Release|x86.Build.0 = Release|Any CPU
		{7161038A-DD63-4732-A0E4-E44FFF57E39D}.Debug|Any CPU.ActiveCfg = Debug|Any CPU
		{7161038A-DD63-4732-A0E4-E44FFF57E39D}.Debug|Any CPU.Build.0 = Debug|Any CPU
		{7161038A-DD63-4732-A0E4-E44FFF57E39D}.Debug|ARM.ActiveCfg = Debug|Any CPU
		{7161038A-DD63-4732-A0E4-E44FFF57E39D}.Debug|ARM.Build.0 = Debug|Any CPU
		{7161038A-DD63-4732-A0E4-E44FFF57E39D}.Debug|x64.ActiveCfg = Debug|Any CPU
		{7161038A-DD63-4732-A0E4-E44FFF57E39D}.Debug|x64.Build.0 = Debug|Any CPU
		{7161038A-DD63-4732-A0E4-E44FFF57E39D}.Debug|x86.ActiveCfg = Debug|Any CPU
		{7161038A-DD63-4732-A0E4-E44FFF57E39D}.Debug|x86.Build.0 = Debug|Any CPU
		{7161038A-DD63-4732-A0E4-E44FFF57E39D}.Docker|Any CPU.ActiveCfg = Debug|Any CPU
		{7161038A-DD63-4732-A0E4-E44FFF57E39D}.Docker|Any CPU.Build.0 = Debug|Any CPU
		{7161038A-DD63-4732-A0E4-E44FFF57E39D}.Docker|ARM.ActiveCfg = Debug|Any CPU
		{7161038A-DD63-4732-A0E4-E44FFF57E39D}.Docker|ARM.Build.0 = Debug|Any CPU
		{7161038A-DD63-4732-A0E4-E44FFF57E39D}.Docker|x64.ActiveCfg = Debug|Any CPU
		{7161038A-DD63-4732-A0E4-E44FFF57E39D}.Docker|x64.Build.0 = Debug|Any CPU
		{7161038A-DD63-4732-A0E4-E44FFF57E39D}.Docker|x86.ActiveCfg = Debug|Any CPU
		{7161038A-DD63-4732-A0E4-E44FFF57E39D}.Docker|x86.Build.0 = Debug|Any CPU
		{7161038A-DD63-4732-A0E4-E44FFF57E39D}.Release|Any CPU.ActiveCfg = Release|Any CPU
		{7161038A-DD63-4732-A0E4-E44FFF57E39D}.Release|Any CPU.Build.0 = Release|Any CPU
		{7161038A-DD63-4732-A0E4-E44FFF57E39D}.Release|ARM.ActiveCfg = Release|Any CPU
		{7161038A-DD63-4732-A0E4-E44FFF57E39D}.Release|ARM.Build.0 = Release|Any CPU
		{7161038A-DD63-4732-A0E4-E44FFF57E39D}.Release|x64.ActiveCfg = Release|Any CPU
		{7161038A-DD63-4732-A0E4-E44FFF57E39D}.Release|x64.Build.0 = Release|Any CPU
		{7161038A-DD63-4732-A0E4-E44FFF57E39D}.Release|x86.ActiveCfg = Release|Any CPU
		{7161038A-DD63-4732-A0E4-E44FFF57E39D}.Release|x86.Build.0 = Release|Any CPU
		{80AF6AAC-7C76-4BD6-A023-F060EBDF78EC}.Debug|Any CPU.ActiveCfg = Debug|Any CPU
		{80AF6AAC-7C76-4BD6-A023-F060EBDF78EC}.Debug|Any CPU.Build.0 = Debug|Any CPU
		{80AF6AAC-7C76-4BD6-A023-F060EBDF78EC}.Debug|ARM.ActiveCfg = Debug|Any CPU
		{80AF6AAC-7C76-4BD6-A023-F060EBDF78EC}.Debug|ARM.Build.0 = Debug|Any CPU
		{80AF6AAC-7C76-4BD6-A023-F060EBDF78EC}.Debug|x64.ActiveCfg = Debug|Any CPU
		{80AF6AAC-7C76-4BD6-A023-F060EBDF78EC}.Debug|x64.Build.0 = Debug|Any CPU
		{80AF6AAC-7C76-4BD6-A023-F060EBDF78EC}.Debug|x86.ActiveCfg = Debug|Any CPU
		{80AF6AAC-7C76-4BD6-A023-F060EBDF78EC}.Debug|x86.Build.0 = Debug|Any CPU
		{80AF6AAC-7C76-4BD6-A023-F060EBDF78EC}.Docker|Any CPU.ActiveCfg = Debug|Any CPU
		{80AF6AAC-7C76-4BD6-A023-F060EBDF78EC}.Docker|Any CPU.Build.0 = Debug|Any CPU
		{80AF6AAC-7C76-4BD6-A023-F060EBDF78EC}.Docker|ARM.ActiveCfg = Debug|Any CPU
		{80AF6AAC-7C76-4BD6-A023-F060EBDF78EC}.Docker|ARM.Build.0 = Debug|Any CPU
		{80AF6AAC-7C76-4BD6-A023-F060EBDF78EC}.Docker|x64.ActiveCfg = Debug|Any CPU
		{80AF6AAC-7C76-4BD6-A023-F060EBDF78EC}.Docker|x64.Build.0 = Debug|Any CPU
		{80AF6AAC-7C76-4BD6-A023-F060EBDF78EC}.Docker|x86.ActiveCfg = Debug|Any CPU
		{80AF6AAC-7C76-4BD6-A023-F060EBDF78EC}.Docker|x86.Build.0 = Debug|Any CPU
		{80AF6AAC-7C76-4BD6-A023-F060EBDF78EC}.Release|Any CPU.ActiveCfg = Release|Any CPU
		{80AF6AAC-7C76-4BD6-A023-F060EBDF78EC}.Release|Any CPU.Build.0 = Release|Any CPU
		{80AF6AAC-7C76-4BD6-A023-F060EBDF78EC}.Release|ARM.ActiveCfg = Release|Any CPU
		{80AF6AAC-7C76-4BD6-A023-F060EBDF78EC}.Release|ARM.Build.0 = Release|Any CPU
		{80AF6AAC-7C76-4BD6-A023-F060EBDF78EC}.Release|x64.ActiveCfg = Release|Any CPU
		{80AF6AAC-7C76-4BD6-A023-F060EBDF78EC}.Release|x64.Build.0 = Release|Any CPU
		{80AF6AAC-7C76-4BD6-A023-F060EBDF78EC}.Release|x86.ActiveCfg = Release|Any CPU
		{80AF6AAC-7C76-4BD6-A023-F060EBDF78EC}.Release|x86.Build.0 = Release|Any CPU
		{CEF52C71-4844-491E-BAA1-7DCC49D4E0ED}.Debug|Any CPU.ActiveCfg = Debug|Any CPU
		{CEF52C71-4844-491E-BAA1-7DCC49D4E0ED}.Debug|Any CPU.Build.0 = Debug|Any CPU
		{CEF52C71-4844-491E-BAA1-7DCC49D4E0ED}.Debug|ARM.ActiveCfg = Debug|Any CPU
		{CEF52C71-4844-491E-BAA1-7DCC49D4E0ED}.Debug|ARM.Build.0 = Debug|Any CPU
		{CEF52C71-4844-491E-BAA1-7DCC49D4E0ED}.Debug|x64.ActiveCfg = Debug|Any CPU
		{CEF52C71-4844-491E-BAA1-7DCC49D4E0ED}.Debug|x64.Build.0 = Debug|Any CPU
		{CEF52C71-4844-491E-BAA1-7DCC49D4E0ED}.Debug|x86.ActiveCfg = Debug|Any CPU
		{CEF52C71-4844-491E-BAA1-7DCC49D4E0ED}.Debug|x86.Build.0 = Debug|Any CPU
		{CEF52C71-4844-491E-BAA1-7DCC49D4E0ED}.Docker|Any CPU.ActiveCfg = Debug|Any CPU
		{CEF52C71-4844-491E-BAA1-7DCC49D4E0ED}.Docker|Any CPU.Build.0 = Debug|Any CPU
		{CEF52C71-4844-491E-BAA1-7DCC49D4E0ED}.Docker|ARM.ActiveCfg = Debug|Any CPU
		{CEF52C71-4844-491E-BAA1-7DCC49D4E0ED}.Docker|ARM.Build.0 = Debug|Any CPU
		{CEF52C71-4844-491E-BAA1-7DCC49D4E0ED}.Docker|x64.ActiveCfg = Debug|Any CPU
		{CEF52C71-4844-491E-BAA1-7DCC49D4E0ED}.Docker|x64.Build.0 = Debug|Any CPU
		{CEF52C71-4844-491E-BAA1-7DCC49D4E0ED}.Docker|x86.ActiveCfg = Debug|Any CPU
		{CEF52C71-4844-491E-BAA1-7DCC49D4E0ED}.Docker|x86.Build.0 = Debug|Any CPU
		{CEF52C71-4844-491E-BAA1-7DCC49D4E0ED}.Release|Any CPU.ActiveCfg = Release|Any CPU
		{CEF52C71-4844-491E-BAA1-7DCC49D4E0ED}.Release|Any CPU.Build.0 = Release|Any CPU
		{CEF52C71-4844-491E-BAA1-7DCC49D4E0ED}.Release|ARM.ActiveCfg = Release|Any CPU
		{CEF52C71-4844-491E-BAA1-7DCC49D4E0ED}.Release|ARM.Build.0 = Release|Any CPU
		{CEF52C71-4844-491E-BAA1-7DCC49D4E0ED}.Release|x64.ActiveCfg = Release|Any CPU
		{CEF52C71-4844-491E-BAA1-7DCC49D4E0ED}.Release|x64.Build.0 = Release|Any CPU
		{CEF52C71-4844-491E-BAA1-7DCC49D4E0ED}.Release|x86.ActiveCfg = Release|Any CPU
		{CEF52C71-4844-491E-BAA1-7DCC49D4E0ED}.Release|x86.Build.0 = Release|Any CPU
		{2DB84272-45F7-4551-B784-7E2353470DC0}.Debug|Any CPU.ActiveCfg = Debug|Any CPU
		{2DB84272-45F7-4551-B784-7E2353470DC0}.Debug|Any CPU.Build.0 = Debug|Any CPU
		{2DB84272-45F7-4551-B784-7E2353470DC0}.Debug|ARM.ActiveCfg = Debug|Any CPU
		{2DB84272-45F7-4551-B784-7E2353470DC0}.Debug|ARM.Build.0 = Debug|Any CPU
		{2DB84272-45F7-4551-B784-7E2353470DC0}.Debug|x64.ActiveCfg = Debug|Any CPU
		{2DB84272-45F7-4551-B784-7E2353470DC0}.Debug|x64.Build.0 = Debug|Any CPU
		{2DB84272-45F7-4551-B784-7E2353470DC0}.Debug|x86.ActiveCfg = Debug|Any CPU
		{2DB84272-45F7-4551-B784-7E2353470DC0}.Debug|x86.Build.0 = Debug|Any CPU
		{2DB84272-45F7-4551-B784-7E2353470DC0}.Docker|Any CPU.ActiveCfg = Debug|Any CPU
		{2DB84272-45F7-4551-B784-7E2353470DC0}.Docker|Any CPU.Build.0 = Debug|Any CPU
		{2DB84272-45F7-4551-B784-7E2353470DC0}.Docker|ARM.ActiveCfg = Debug|Any CPU
		{2DB84272-45F7-4551-B784-7E2353470DC0}.Docker|ARM.Build.0 = Debug|Any CPU
		{2DB84272-45F7-4551-B784-7E2353470DC0}.Docker|x64.ActiveCfg = Debug|Any CPU
		{2DB84272-45F7-4551-B784-7E2353470DC0}.Docker|x64.Build.0 = Debug|Any CPU
		{2DB84272-45F7-4551-B784-7E2353470DC0}.Docker|x86.ActiveCfg = Debug|Any CPU
		{2DB84272-45F7-4551-B784-7E2353470DC0}.Docker|x86.Build.0 = Debug|Any CPU
		{2DB84272-45F7-4551-B784-7E2353470DC0}.Release|Any CPU.ActiveCfg = Release|Any CPU
		{2DB84272-45F7-4551-B784-7E2353470DC0}.Release|Any CPU.Build.0 = Release|Any CPU
		{2DB84272-45F7-4551-B784-7E2353470DC0}.Release|ARM.ActiveCfg = Release|Any CPU
		{2DB84272-45F7-4551-B784-7E2353470DC0}.Release|ARM.Build.0 = Release|Any CPU
		{2DB84272-45F7-4551-B784-7E2353470DC0}.Release|x64.ActiveCfg = Release|Any CPU
		{2DB84272-45F7-4551-B784-7E2353470DC0}.Release|x64.Build.0 = Release|Any CPU
		{2DB84272-45F7-4551-B784-7E2353470DC0}.Release|x86.ActiveCfg = Release|Any CPU
		{2DB84272-45F7-4551-B784-7E2353470DC0}.Release|x86.Build.0 = Release|Any CPU
		{2EDCF1FC-7DB4-4005-82F8-F4F414654F7D}.Debug|Any CPU.ActiveCfg = Debug|Any CPU
		{2EDCF1FC-7DB4-4005-82F8-F4F414654F7D}.Debug|Any CPU.Build.0 = Debug|Any CPU
		{2EDCF1FC-7DB4-4005-82F8-F4F414654F7D}.Debug|ARM.ActiveCfg = Debug|Any CPU
		{2EDCF1FC-7DB4-4005-82F8-F4F414654F7D}.Debug|ARM.Build.0 = Debug|Any CPU
		{2EDCF1FC-7DB4-4005-82F8-F4F414654F7D}.Debug|x64.ActiveCfg = Debug|Any CPU
		{2EDCF1FC-7DB4-4005-82F8-F4F414654F7D}.Debug|x64.Build.0 = Debug|Any CPU
		{2EDCF1FC-7DB4-4005-82F8-F4F414654F7D}.Debug|x86.ActiveCfg = Debug|Any CPU
		{2EDCF1FC-7DB4-4005-82F8-F4F414654F7D}.Debug|x86.Build.0 = Debug|Any CPU
		{2EDCF1FC-7DB4-4005-82F8-F4F414654F7D}.Docker|Any CPU.ActiveCfg = Debug|Any CPU
		{2EDCF1FC-7DB4-4005-82F8-F4F414654F7D}.Docker|Any CPU.Build.0 = Debug|Any CPU
		{2EDCF1FC-7DB4-4005-82F8-F4F414654F7D}.Docker|ARM.ActiveCfg = Debug|Any CPU
		{2EDCF1FC-7DB4-4005-82F8-F4F414654F7D}.Docker|ARM.Build.0 = Debug|Any CPU
		{2EDCF1FC-7DB4-4005-82F8-F4F414654F7D}.Docker|x64.ActiveCfg = Debug|Any CPU
		{2EDCF1FC-7DB4-4005-82F8-F4F414654F7D}.Docker|x64.Build.0 = Debug|Any CPU
		{2EDCF1FC-7DB4-4005-82F8-F4F414654F7D}.Docker|x86.ActiveCfg = Debug|Any CPU
		{2EDCF1FC-7DB4-4005-82F8-F4F414654F7D}.Docker|x86.Build.0 = Debug|Any CPU
		{2EDCF1FC-7DB4-4005-82F8-F4F414654F7D}.Release|Any CPU.ActiveCfg = Release|Any CPU
		{2EDCF1FC-7DB4-4005-82F8-F4F414654F7D}.Release|Any CPU.Build.0 = Release|Any CPU
		{2EDCF1FC-7DB4-4005-82F8-F4F414654F7D}.Release|ARM.ActiveCfg = Release|Any CPU
		{2EDCF1FC-7DB4-4005-82F8-F4F414654F7D}.Release|ARM.Build.0 = Release|Any CPU
		{2EDCF1FC-7DB4-4005-82F8-F4F414654F7D}.Release|x64.ActiveCfg = Release|Any CPU
		{2EDCF1FC-7DB4-4005-82F8-F4F414654F7D}.Release|x64.Build.0 = Release|Any CPU
		{2EDCF1FC-7DB4-4005-82F8-F4F414654F7D}.Release|x86.ActiveCfg = Release|Any CPU
		{2EDCF1FC-7DB4-4005-82F8-F4F414654F7D}.Release|x86.Build.0 = Release|Any CPU
	EndGlobalSection
	GlobalSection(SolutionProperties) = preSolution
		HideSolutionNode = FALSE
	EndGlobalSection
	GlobalSection(NestedProjects) = preSolution
		{31A0C808-7CE3-455A-AEE8-73F9B615135A} = {0075C3E1-157B-4660-A444-A95607472626}
		{C17DCB01-3D32-4EAA-A5AE-FCA6AF60AAE0} = {31A0C808-7CE3-455A-AEE8-73F9B615135A}
		{CCDC405D-93A5-45EB-90B1-07FCD1A989CE} = {31A0C808-7CE3-455A-AEE8-73F9B615135A}
		{494058D6-7775-4533-8C64-E0D324FC60F1} = {0075C3E1-157B-4660-A444-A95607472626}
	EndGlobalSection
	GlobalSection(ExtensibilityGlobals) = postSolution
		EnterpriseLibraryConfigurationToolBinariesPathV6 = packages\EnterpriseLibrary.Common.6.0.1304.0\lib\NET45;packages\EnterpriseLibrary.Logging.6.0.1304.0\lib\NET45;packages\EnterpriseLibrary.ExceptionHandling.6.0.1304.0\lib\NET45
		SolutionGuid = {2FCE0D90-767E-40A1-8F14-5D60B23CB532}
	EndGlobalSection
EndGlobal
